
Microsoft Visual Studio Solution File, Format Version 12.00
# Visual Studio Version 16
VisualStudioVersion = 16.0.32126.315
MinimumVisualStudioVersion = 10.0.40219.1
Project("{FAE04EC0-301F-11D3-BF4B-00C04F79EFBC}") = "CircuitSharp", "CircuitSharp\CircuitSharp.csproj", "{C87134E9-79C1-4191-A553-88993F83173C}"
EndProject
Project("{FAE04EC0-301F-11D3-BF4B-00C04F79EFBC}") = "Demo", "Demo\Demo.csproj", "{8D19607E-889D-487B-A753-E9A34AA23FEF}"
EndProject
Global
	GlobalSection(SolutionConfigurationPlatforms) = preSolution
		Debug|Any CPU = Debug|Any CPU
		Release|Any CPU = Release|Any CPU
	EndGlobalSection
	GlobalSection(ProjectConfigurationPlatforms) = postSolution
		{C87134E9-79C1-4191-A553-88993F83173C}.Debug|Any CPU.ActiveCfg = Debug|Any CPU
		{C87134E9-79C1-4191-A553-88993F83173C}.Debug|Any CPU.Build.0 = Debug|Any CPU
		{C87134E9-79C1-4191-A553-88993F83173C}.Release|Any CPU.ActiveCfg = Release|Any CPU
		{C87134E9-79C1-4191-A553-88993F83173C}.Release|Any CPU.Build.0 = Release|Any CPU
		{8D19607E-889D-487B-A753-E9A34AA23FEF}.Debug|Any CPU.ActiveCfg = Debug|Any CPU
		{8D19607E-889D-487B-A753-E9A34AA23FEF}.Debug|Any CPU.Build.0 = Debug|Any CPU
		{8D19607E-889D-487B-A753-E9A34AA23FEF}.Release|Any CPU.ActiveCfg = Release|Any CPU
		{8D19607E-889D-487B-A753-E9A34AA23FEF}.Release|Any CPU.Build.0 = Release|Any CPU
	EndGlobalSection
	GlobalSection(SolutionProperties) = preSolution
		HideSolutionNode = FALSE
	EndGlobalSection
	GlobalSection(ExtensibilityGlobals) = postSolution
		SolutionGuid = {60FE6C19-8FBB-4B12-AAE5-D63797DE89D3}
	EndGlobalSection
EndGlobal
